
Microsoft Visual Studio Solution File, Format Version 12.00
# Visual Studio Version 17
VisualStudioVersion = 17.3.32819.101
MinimumVisualStudioVersion = 10.0.40219.1
Project("{FAE04EC0-301F-11D3-BF4B-00C04F79EFBC}") = "POnTheFly", "POnTheFly\POnTheFly.csproj", "{1B1AA5B0-B8AA-4657-B7CC-EC13DCB751B4}"
EndProject
Global
	GlobalSection(SolutionConfigurationPlatforms) = preSolution
		Debug|Any CPU = Debug|Any CPU
		Release|Any CPU = Release|Any CPU
	EndGlobalSection
	GlobalSection(ProjectConfigurationPlatforms) = postSolution
		{1B1AA5B0-B8AA-4657-B7CC-EC13DCB751B4}.Debug|Any CPU.ActiveCfg = Debug|Any CPU
		{1B1AA5B0-B8AA-4657-B7CC-EC13DCB751B4}.Debug|Any CPU.Build.0 = Debug|Any CPU
		{1B1AA5B0-B8AA-4657-B7CC-EC13DCB751B4}.Release|Any CPU.ActiveCfg = Release|Any CPU
		{1B1AA5B0-B8AA-4657-B7CC-EC13DCB751B4}.Release|Any CPU.Build.0 = Release|Any CPU
	EndGlobalSection
	GlobalSection(SolutionProperties) = preSolution
		HideSolutionNode = FALSE
	EndGlobalSection
	GlobalSection(ExtensibilityGlobals) = postSolution
		SolutionGuid = {88AF7B8F-F231-43D0-A957-EA3A278E5E45}
	EndGlobalSection
EndGlobal
